
Microsoft Visual Studio Solution File, Format Version 12.00
# Visual Studio 15
VisualStudioVersion = 15.0.27004.2002
MinimumVisualStudioVersion = 10.0.40219.1
Project("{9A19103F-16F7-4668-BE54-9A1E7A4F7556}") = "Canducci.SqlKata.Dapper", "Canducci.SqlKata.Dapper\Canducci.SqlKata.Dapper.csproj", "{6838E1DE-79E8-401B-9247-947B938FAB79}"
EndProject
Project("{9A19103F-16F7-4668-BE54-9A1E7A4F7556}") = "Canducci.SqlKata.Dapper.MySql", "Canducci.SqlKata.Dapper.MySql\Canducci.SqlKata.Dapper.MySql.csproj", "{E5CA512D-A5E2-4420-944B-97CD43A769E1}"
EndProject
Project("{9A19103F-16F7-4668-BE54-9A1E7A4F7556}") = "Canducci.SqlKata.Dapper.SqlServer", "Canducci.SqlKata.Dapper.SqlServer\Canducci.SqlKata.Dapper.SqlServer.csproj", "{C6F2FCB7-80E9-4EBC-BD0E-A0F127404E3C}"
EndProject
Project("{9A19103F-16F7-4668-BE54-9A1E7A4F7556}") = "Canducci.SqlKata.Dapper.Postgres", "Canducci.SqlKata.Dapper.Postgres\Canducci.SqlKata.Dapper.Postgres.csproj", "{7B3BEAC7-11B3-4DE0-B191-479C25E3D638}"
EndProject
Project("{2150E333-8FDC-42A3-9474-1A3956D46DE8}") = "Solution Items", "Solution Items", "{D9825143-3DBA-4CAC-95BB-76E851CE8620}"
	ProjectSection(SolutionItems) = preProject
		.travis.yml = .travis.yml
		README.md = README.md
	EndProjectSection
EndProject
Project("{9A19103F-16F7-4668-BE54-9A1E7A4F7556}") = "ConsoleAppTest", "ConsoleAppTest\ConsoleAppTest.csproj", "{ECA5C314-0159-4C58-BD27-DA2F9E654935}"
EndProject
Project("{FAE04EC0-301F-11D3-BF4B-00C04F79EFBC}") = "UnitTestProject", "UnitTestProject\UnitTestProject.csproj", "{2F626391-3406-48E2-9C34-88DA355324F7}"
EndProject
Project("{2150E333-8FDC-42A3-9474-1A3956D46DE8}") = "Web", "Web", "{870BE8EA-07DD-45F6-96F2-63F861540C91}"
EndProject
Project("{FAE04EC0-301F-11D3-BF4B-00C04F79EFBC}") = "WebAppCoreMySql", "WebAppCoreMySql\WebAppCoreMySql.csproj", "{D170BEA3-ABD5-4FA3-9185-60722FA9436D}"
EndProject
Project("{FAE04EC0-301F-11D3-BF4B-00C04F79EFBC}") = "Models", "Models\Models.csproj", "{4186FF56-8355-468C-8422-16FDEA3B6505}"
EndProject
Project("{FAE04EC0-301F-11D3-BF4B-00C04F79EFBC}") = "WebAppCorePostGresql", "WebAppCorePostGresql\WebAppCorePostGresql.csproj", "{7848DB08-2627-4486-BB82-73FDFAEC5B0B}"
EndProject
Project("{FAE04EC0-301F-11D3-BF4B-00C04F79EFBC}") = "WebAppCoreSqlServer", "WebAppCoreSqlServer\WebAppCoreSqlServer.csproj", "{20341FE7-F288-4CD8-8F82-3FB83B100EFC}"
EndProject
Global
	GlobalSection(SolutionConfigurationPlatforms) = preSolution
		Debug|Any CPU = Debug|Any CPU
		Release|Any CPU = Release|Any CPU
	EndGlobalSection
	GlobalSection(ProjectConfigurationPlatforms) = postSolution
		{6838E1DE-79E8-401B-9247-947B938FAB79}.Debug|Any CPU.ActiveCfg = Debug|Any CPU
		{6838E1DE-79E8-401B-9247-947B938FAB79}.Debug|Any CPU.Build.0 = Debug|Any CPU
		{6838E1DE-79E8-401B-9247-947B938FAB79}.Release|Any CPU.ActiveCfg = Release|Any CPU
		{6838E1DE-79E8-401B-9247-947B938FAB79}.Release|Any CPU.Build.0 = Release|Any CPU
		{E5CA512D-A5E2-4420-944B-97CD43A769E1}.Debug|Any CPU.ActiveCfg = Debug|Any CPU
		{E5CA512D-A5E2-4420-944B-97CD43A769E1}.Debug|Any CPU.Build.0 = Debug|Any CPU
		{E5CA512D-A5E2-4420-944B-97CD43A769E1}.Release|Any CPU.ActiveCfg = Release|Any CPU
		{E5CA512D-A5E2-4420-944B-97CD43A769E1}.Release|Any CPU.Build.0 = Release|Any CPU
		{C6F2FCB7-80E9-4EBC-BD0E-A0F127404E3C}.Debug|Any CPU.ActiveCfg = Debug|Any CPU
		{C6F2FCB7-80E9-4EBC-BD0E-A0F127404E3C}.Debug|Any CPU.Build.0 = Debug|Any CPU
		{C6F2FCB7-80E9-4EBC-BD0E-A0F127404E3C}.Release|Any CPU.ActiveCfg = Release|Any CPU
		{C6F2FCB7-80E9-4EBC-BD0E-A0F127404E3C}.Release|Any CPU.Build.0 = Release|Any CPU
		{7B3BEAC7-11B3-4DE0-B191-479C25E3D638}.Debug|Any CPU.ActiveCfg = Debug|Any CPU
		{7B3BEAC7-11B3-4DE0-B191-479C25E3D638}.Debug|Any CPU.Build.0 = Debug|Any CPU
		{7B3BEAC7-11B3-4DE0-B191-479C25E3D638}.Release|Any CPU.ActiveCfg = Release|Any CPU
		{7B3BEAC7-11B3-4DE0-B191-479C25E3D638}.Release|Any CPU.Build.0 = Release|Any CPU
		{ECA5C314-0159-4C58-BD27-DA2F9E654935}.Debug|Any CPU.ActiveCfg = Debug|Any CPU
		{ECA5C314-0159-4C58-BD27-DA2F9E654935}.Debug|Any CPU.Build.0 = Debug|Any CPU
		{ECA5C314-0159-4C58-BD27-DA2F9E654935}.Release|Any CPU.ActiveCfg = Release|Any CPU
		{ECA5C314-0159-4C58-BD27-DA2F9E654935}.Release|Any CPU.Build.0 = Release|Any CPU
		{2F626391-3406-48E2-9C34-88DA355324F7}.Debug|Any CPU.ActiveCfg = Debug|Any CPU
		{2F626391-3406-48E2-9C34-88DA355324F7}.Debug|Any CPU.Build.0 = Debug|Any CPU
		{2F626391-3406-48E2-9C34-88DA355324F7}.Release|Any CPU.ActiveCfg = Release|Any CPU
		{2F626391-3406-48E2-9C34-88DA355324F7}.Release|Any CPU.Build.0 = Release|Any CPU
		{D170BEA3-ABD5-4FA3-9185-60722FA9436D}.Debug|Any CPU.ActiveCfg = Debug|Any CPU
		{D170BEA3-ABD5-4FA3-9185-60722FA9436D}.Debug|Any CPU.Build.0 = Debug|Any CPU
		{D170BEA3-ABD5-4FA3-9185-60722FA9436D}.Release|Any CPU.ActiveCfg = Release|Any CPU
		{D170BEA3-ABD5-4FA3-9185-60722FA9436D}.Release|Any CPU.Build.0 = Release|Any CPU
		{4186FF56-8355-468C-8422-16FDEA3B6505}.Debug|Any CPU.ActiveCfg = Debug|Any CPU
		{4186FF56-8355-468C-8422-16FDEA3B6505}.Debug|Any CPU.Build.0 = Debug|Any CPU
		{4186FF56-8355-468C-8422-16FDEA3B6505}.Release|Any CPU.ActiveCfg = Release|Any CPU
		{4186FF56-8355-468C-8422-16FDEA3B6505}.Release|Any CPU.Build.0 = Release|Any CPU
		{7848DB08-2627-4486-BB82-73FDFAEC5B0B}.Debug|Any CPU.ActiveCfg = Debug|Any CPU
		{7848DB08-2627-4486-BB82-73FDFAEC5B0B}.Debug|Any CPU.Build.0 = Debug|Any CPU
		{7848DB08-2627-4486-BB82-73FDFAEC5B0B}.Release|Any CPU.ActiveCfg = Release|Any CPU
		{7848DB08-2627-4486-BB82-73FDFAEC5B0B}.Release|Any CPU.Build.0 = Release|Any CPU
		{20341FE7-F288-4CD8-8F82-3FB83B100EFC}.Debug|Any CPU.ActiveCfg = Debug|Any CPU
		{20341FE7-F288-4CD8-8F82-3FB83B100EFC}.Debug|Any CPU.Build.0 = Debug|Any CPU
		{20341FE7-F288-4CD8-8F82-3FB83B100EFC}.Release|Any CPU.ActiveCfg = Release|Any CPU
		{20341FE7-F288-4CD8-8F82-3FB83B100EFC}.Release|Any CPU.Build.0 = Release|Any CPU
	EndGlobalSection
	GlobalSection(SolutionProperties) = preSolution
		HideSolutionNode = FALSE
	EndGlobalSection
	GlobalSection(NestedProjects) = preSolution
		{D170BEA3-ABD5-4FA3-9185-60722FA9436D} = {870BE8EA-07DD-45F6-96F2-63F861540C91}
		{4186FF56-8355-468C-8422-16FDEA3B6505} = {870BE8EA-07DD-45F6-96F2-63F861540C91}
		{7848DB08-2627-4486-BB82-73FDFAEC5B0B} = {870BE8EA-07DD-45F6-96F2-63F861540C91}
		{20341FE7-F288-4CD8-8F82-3FB83B100EFC} = {870BE8EA-07DD-45F6-96F2-63F861540C91}
	EndGlobalSection
	GlobalSection(ExtensibilityGlobals) = postSolution
		SolutionGuid = {1F608F29-1A98-4181-A2F1-A11425156410}
	EndGlobalSection
EndGlobal
