
Microsoft Visual Studio Solution File, Format Version 12.00
# Visual Studio Version 16
VisualStudioVersion = 16.0.29613.14
MinimumVisualStudioVersion = 10.0.40219.1
Project("{9A19103F-16F7-4668-BE54-9A1E7A4F7556}") = "Canducci.SqlKata.Dapper", "Canducci.SqlKata.Dapper\Canducci.SqlKata.Dapper.csproj", "{6838E1DE-79E8-401B-9247-947B938FAB79}"
EndProject
Project("{9A19103F-16F7-4668-BE54-9A1E7A4F7556}") = "Canducci.SqlKata.Dapper.MySql", "Canducci.SqlKata.Dapper.MySql\Canducci.SqlKata.Dapper.MySql.csproj", "{E5CA512D-A5E2-4420-944B-97CD43A769E1}"
EndProject
Project("{9A19103F-16F7-4668-BE54-9A1E7A4F7556}") = "Canducci.SqlKata.Dapper.SqlServer", "Canducci.SqlKata.Dapper.SqlServer\Canducci.SqlKata.Dapper.SqlServer.csproj", "{C6F2FCB7-80E9-4EBC-BD0E-A0F127404E3C}"
EndProject
Project("{9A19103F-16F7-4668-BE54-9A1E7A4F7556}") = "Canducci.SqlKata.Dapper.Postgres", "Canducci.SqlKata.Dapper.Postgres\Canducci.SqlKata.Dapper.Postgres.csproj", "{7B3BEAC7-11B3-4DE0-B191-479C25E3D638}"
EndProject
Project("{2150E333-8FDC-42A3-9474-1A3956D46DE8}") = "Solution Items", "Solution Items", "{D9825143-3DBA-4CAC-95BB-76E851CE8620}"
	ProjectSection(SolutionItems) = preProject
		.travis.yml = .travis.yml
		README.md = README.md
	EndProjectSection
EndProject
Project("{9A19103F-16F7-4668-BE54-9A1E7A4F7556}") = "ConsoleAppTest", "ConsoleAppTest\ConsoleAppTest.csproj", "{ECA5C314-0159-4C58-BD27-DA2F9E654935}"
EndProject
Project("{9A19103F-16F7-4668-BE54-9A1E7A4F7556}") = "Canducci.SqlKata.Dapper.SQLite", "Canducci.SqlKata.Dapper.SQLite\Canducci.SqlKata.Dapper.SQLite.csproj", "{0AD06E3A-FC93-4C4D-9582-D2D04FD36590}"
EndProject
Project("{2150E333-8FDC-42A3-9474-1A3956D46DE8}") = "Web", "Web", "{96E1850E-3B5D-4A59-8F67-A8BCFDE9816D}"
EndProject
Project("{9A19103F-16F7-4668-BE54-9A1E7A4F7556}") = "WebAppMysql", "WebAppMysql\WebAppMysql.csproj", "{BB44854C-5FF9-4C07-90E0-46D78C3B147F}"
EndProject
Project("{9A19103F-16F7-4668-BE54-9A1E7A4F7556}") = "Models", "Models\Models.csproj", "{6FD05104-71D5-443F-B14C-5EEB48CBC489}"
EndProject
Project("{FAE04EC0-301F-11D3-BF4B-00C04F79EFBC}") = "WebAppSqlServer", "WebAppSqlServer\WebAppSqlServer.csproj", "{AD1B4927-A49A-4F2A-85CA-89037B7EC419}"
EndProject
Project("{FAE04EC0-301F-11D3-BF4B-00C04F79EFBC}") = "Canducci.SqlKata.Dapper.UnitTest", "Canducci.SqlKata.Dapper.UnitTest\Canducci.SqlKata.Dapper.UnitTest.csproj", "{605C032F-FEF1-4C7F-94B8-A0A1EE6D3AE0}"
EndProject
Global
	GlobalSection(SolutionConfigurationPlatforms) = preSolution
		Debug|Any CPU = Debug|Any CPU
		Release|Any CPU = Release|Any CPU
	EndGlobalSection
	GlobalSection(ProjectConfigurationPlatforms) = postSolution
		{6838E1DE-79E8-401B-9247-947B938FAB79}.Debug|Any CPU.ActiveCfg = Debug|Any CPU
		{6838E1DE-79E8-401B-9247-947B938FAB79}.Debug|Any CPU.Build.0 = Debug|Any CPU
		{6838E1DE-79E8-401B-9247-947B938FAB79}.Release|Any CPU.ActiveCfg = Release|Any CPU
		{6838E1DE-79E8-401B-9247-947B938FAB79}.Release|Any CPU.Build.0 = Release|Any CPU
		{E5CA512D-A5E2-4420-944B-97CD43A769E1}.Debug|Any CPU.ActiveCfg = Debug|Any CPU
		{E5CA512D-A5E2-4420-944B-97CD43A769E1}.Debug|Any CPU.Build.0 = Debug|Any CPU
		{E5CA512D-A5E2-4420-944B-97CD43A769E1}.Release|Any CPU.ActiveCfg = Release|Any CPU
		{E5CA512D-A5E2-4420-944B-97CD43A769E1}.Release|Any CPU.Build.0 = Release|Any CPU
		{C6F2FCB7-80E9-4EBC-BD0E-A0F127404E3C}.Debug|Any CPU.ActiveCfg = Debug|Any CPU
		{C6F2FCB7-80E9-4EBC-BD0E-A0F127404E3C}.Debug|Any CPU.Build.0 = Debug|Any CPU
		{C6F2FCB7-80E9-4EBC-BD0E-A0F127404E3C}.Release|Any CPU.ActiveCfg = Release|Any CPU
		{C6F2FCB7-80E9-4EBC-BD0E-A0F127404E3C}.Release|Any CPU.Build.0 = Release|Any CPU
		{7B3BEAC7-11B3-4DE0-B191-479C25E3D638}.Debug|Any CPU.ActiveCfg = Debug|Any CPU
		{7B3BEAC7-11B3-4DE0-B191-479C25E3D638}.Debug|Any CPU.Build.0 = Debug|Any CPU
		{7B3BEAC7-11B3-4DE0-B191-479C25E3D638}.Release|Any CPU.ActiveCfg = Release|Any CPU
		{7B3BEAC7-11B3-4DE0-B191-479C25E3D638}.Release|Any CPU.Build.0 = Release|Any CPU
		{ECA5C314-0159-4C58-BD27-DA2F9E654935}.Debug|Any CPU.ActiveCfg = Debug|Any CPU
		{ECA5C314-0159-4C58-BD27-DA2F9E654935}.Debug|Any CPU.Build.0 = Debug|Any CPU
		{ECA5C314-0159-4C58-BD27-DA2F9E654935}.Release|Any CPU.ActiveCfg = Release|Any CPU
		{ECA5C314-0159-4C58-BD27-DA2F9E654935}.Release|Any CPU.Build.0 = Release|Any CPU
		{0AD06E3A-FC93-4C4D-9582-D2D04FD36590}.Debug|Any CPU.ActiveCfg = Debug|Any CPU
		{0AD06E3A-FC93-4C4D-9582-D2D04FD36590}.Debug|Any CPU.Build.0 = Debug|Any CPU
		{0AD06E3A-FC93-4C4D-9582-D2D04FD36590}.Release|Any CPU.ActiveCfg = Release|Any CPU
		{0AD06E3A-FC93-4C4D-9582-D2D04FD36590}.Release|Any CPU.Build.0 = Release|Any CPU
		{BB44854C-5FF9-4C07-90E0-46D78C3B147F}.Debug|Any CPU.ActiveCfg = Debug|Any CPU
		{BB44854C-5FF9-4C07-90E0-46D78C3B147F}.Debug|Any CPU.Build.0 = Debug|Any CPU
		{BB44854C-5FF9-4C07-90E0-46D78C3B147F}.Release|Any CPU.ActiveCfg = Release|Any CPU
		{BB44854C-5FF9-4C07-90E0-46D78C3B147F}.Release|Any CPU.Build.0 = Release|Any CPU
		{6FD05104-71D5-443F-B14C-5EEB48CBC489}.Debug|Any CPU.ActiveCfg = Debug|Any CPU
		{6FD05104-71D5-443F-B14C-5EEB48CBC489}.Debug|Any CPU.Build.0 = Debug|Any CPU
		{6FD05104-71D5-443F-B14C-5EEB48CBC489}.Release|Any CPU.ActiveCfg = Release|Any CPU
		{6FD05104-71D5-443F-B14C-5EEB48CBC489}.Release|Any CPU.Build.0 = Release|Any CPU
		{AD1B4927-A49A-4F2A-85CA-89037B7EC419}.Debug|Any CPU.ActiveCfg = Debug|Any CPU
		{AD1B4927-A49A-4F2A-85CA-89037B7EC419}.Debug|Any CPU.Build.0 = Debug|Any CPU
		{AD1B4927-A49A-4F2A-85CA-89037B7EC419}.Release|Any CPU.ActiveCfg = Release|Any CPU
		{AD1B4927-A49A-4F2A-85CA-89037B7EC419}.Release|Any CPU.Build.0 = Release|Any CPU
		{605C032F-FEF1-4C7F-94B8-A0A1EE6D3AE0}.Debug|Any CPU.ActiveCfg = Debug|Any CPU
		{605C032F-FEF1-4C7F-94B8-A0A1EE6D3AE0}.Debug|Any CPU.Build.0 = Debug|Any CPU
		{605C032F-FEF1-4C7F-94B8-A0A1EE6D3AE0}.Release|Any CPU.ActiveCfg = Release|Any CPU
		{605C032F-FEF1-4C7F-94B8-A0A1EE6D3AE0}.Release|Any CPU.Build.0 = Release|Any CPU
	EndGlobalSection
	GlobalSection(SolutionProperties) = preSolution
		HideSolutionNode = FALSE
	EndGlobalSection
	GlobalSection(NestedProjects) = preSolution
		{BB44854C-5FF9-4C07-90E0-46D78C3B147F} = {96E1850E-3B5D-4A59-8F67-A8BCFDE9816D}
		{6FD05104-71D5-443F-B14C-5EEB48CBC489} = {96E1850E-3B5D-4A59-8F67-A8BCFDE9816D}
		{AD1B4927-A49A-4F2A-85CA-89037B7EC419} = {96E1850E-3B5D-4A59-8F67-A8BCFDE9816D}
	EndGlobalSection
	GlobalSection(ExtensibilityGlobals) = postSolution
		SolutionGuid = {1F608F29-1A98-4181-A2F1-A11425156410}
	EndGlobalSection
EndGlobal
