
Microsoft Visual Studio Solution File, Format Version 12.00
# Visual Studio 15
VisualStudioVersion = 15.0.26730.16
MinimumVisualStudioVersion = 10.0.40219.1
Project("{FAE04EC0-301F-11D3-BF4B-00C04F79EFBC}") = "Canducci.SqlKata.Dapper", "Canducci.SqlKata.Dapper\Canducci.SqlKata.Dapper.csproj", "{6838E1DE-79E8-401B-9247-947B938FAB79}"
EndProject
Global
	GlobalSection(SolutionConfigurationPlatforms) = preSolution
		Debug|Any CPU = Debug|Any CPU
		Release|Any CPU = Release|Any CPU
	EndGlobalSection
	GlobalSection(ProjectConfigurationPlatforms) = postSolution
		{6838E1DE-79E8-401B-9247-947B938FAB79}.Debug|Any CPU.ActiveCfg = Debug|Any CPU
		{6838E1DE-79E8-401B-9247-947B938FAB79}.Debug|Any CPU.Build.0 = Debug|Any CPU
		{6838E1DE-79E8-401B-9247-947B938FAB79}.Release|Any CPU.ActiveCfg = Release|Any CPU
		{6838E1DE-79E8-401B-9247-947B938FAB79}.Release|Any CPU.Build.0 = Release|Any CPU
	EndGlobalSection
	GlobalSection(SolutionProperties) = preSolution
		HideSolutionNode = FALSE
	EndGlobalSection
	GlobalSection(ExtensibilityGlobals) = postSolution
		SolutionGuid = {1F608F29-1A98-4181-A2F1-A11425156410}
	EndGlobalSection
EndGlobal
